
Microsoft Visual Studio Solution File, Format Version 12.00
# Visual Studio Version 17
VisualStudioVersion = 17.3.32901.215
MinimumVisualStudioVersion = 10.0.40219.1
Project("{FAE04EC0-301F-11D3-BF4B-00C04F79EFBC}") = "CalcularFrete", "CalcularFrete.csproj", "{80963F14-BF9B-46B9-8284-E7ED6ED9ED39}"
EndProject
Global
	GlobalSection(SolutionConfigurationPlatforms) = preSolution
		Debug|Any CPU = Debug|Any CPU
		Release|Any CPU = Release|Any CPU
	EndGlobalSection
	GlobalSection(ProjectConfigurationPlatforms) = postSolution
		{80963F14-BF9B-46B9-8284-E7ED6ED9ED39}.Debug|Any CPU.ActiveCfg = Debug|Any CPU
		{80963F14-BF9B-46B9-8284-E7ED6ED9ED39}.Debug|Any CPU.Build.0 = Debug|Any CPU
		{80963F14-BF9B-46B9-8284-E7ED6ED9ED39}.Release|Any CPU.ActiveCfg = Release|Any CPU
		{80963F14-BF9B-46B9-8284-E7ED6ED9ED39}.Release|Any CPU.Build.0 = Release|Any CPU
	EndGlobalSection
	GlobalSection(SolutionProperties) = preSolution
		HideSolutionNode = FALSE
	EndGlobalSection
	GlobalSection(ExtensibilityGlobals) = postSolution
		SolutionGuid = {8DCBD7D2-3AAC-442C-8B2F-D086D106D58F}
	EndGlobalSection
EndGlobal
